PODS:
  - FlutterMacOS (1.0.0)
  - ObjectBox (1.9.2)
  - objectbox_flutter_libs (0.0.1):
    - FlutterMacOS
    - ObjectBox (= 1.9.2)

DEPENDENCIES:
  - FlutterMacOS (from `Flutter/ephemeral`)
  - objectbox_flutter_libs (from `Flutter/ephemeral/.symlinks/plugins/objectbox_flutter_libs/macos`)

SPEC REPOS:
  trunk:
    - ObjectBox

EXTERNAL SOURCES:
  FlutterMacOS:
    :path: Flutter/ephemeral
  objectbox_flutter_libs:
    :path: Flutter/ephemeral/.symlinks/plugins/objectbox_flutter_libs/macos

SPEC CHECKSUMS:
  FlutterMacOS: d0db08ddef1a9af05a5ec4b724367152bb0500b1
  ObjectBox: 46757a559717ab49b1cc0612eaff82b705acf394
  objectbox_flutter_libs: ac606b51011c9ea99c0574bf2db0d27b053c750a

PODFILE CHECKSUM: 54d867c82ac51cbd61b565781b9fada492027009

COCOAPODS: 1.16.2
